
Microsoft Visual Studio Solution File, Format Version 12.00
# Visual Studio Version 16
VisualStudioVersion = 16.0.31911.196
MinimumVisualStudioVersion = 10.0.40219.1
Project("{FAE04EC0-301F-11D3-BF4B-00C04F79EFBC}") = "ScannergicMobile.Android", "ScannergicMobile\ScannergicMobile.Android\ScannergicMobile.Android.csproj", "{E9AEC75B-5A45-4642-8C7B-A4825E39239A}"
EndProject
Project("{9A19103F-16F7-4668-BE54-9A1E7A4F7556}") = "ScannergicMobile", "ScannergicMobile\ScannergicMobile\ScannergicMobile.csproj", "{00169407-EBDD-480D-8EB0-4D1E20D5B28C}"
EndProject
Project("{9A19103F-16F7-4668-BE54-9A1E7A4F7556}") = "TestScannergicMobile", "TestScannergicMobile\TestScannergicMobile.csproj", "{ABD2D76A-9851-4294-8528-4A4E6D06F403}"
EndProject
Global
	GlobalSection(SolutionConfigurationPlatforms) = preSolution
		Debug|Any CPU = Debug|Any CPU
		Master|Any CPU = Master|Any CPU
		Release|Any CPU = Release|Any CPU
	EndGlobalSection
	GlobalSection(ProjectConfigurationPlatforms) = postSolution
		{E9AEC75B-5A45-4642-8C7B-A4825E39239A}.Debug|Any CPU.ActiveCfg = Debug|Any CPU
		{E9AEC75B-5A45-4642-8C7B-A4825E39239A}.Debug|Any CPU.Build.0 = Debug|Any CPU
		{E9AEC75B-5A45-4642-8C7B-A4825E39239A}.Debug|Any CPU.Deploy.0 = Debug|Any CPU
		{E9AEC75B-5A45-4642-8C7B-A4825E39239A}.Master|Any CPU.ActiveCfg = Master|Any CPU
		{E9AEC75B-5A45-4642-8C7B-A4825E39239A}.Master|Any CPU.Build.0 = Master|Any CPU
		{E9AEC75B-5A45-4642-8C7B-A4825E39239A}.Master|Any CPU.Deploy.0 = Master|Any CPU
		{E9AEC75B-5A45-4642-8C7B-A4825E39239A}.Release|Any CPU.ActiveCfg = Release|Any CPU
		{E9AEC75B-5A45-4642-8C7B-A4825E39239A}.Release|Any CPU.Build.0 = Release|Any CPU
		{E9AEC75B-5A45-4642-8C7B-A4825E39239A}.Release|Any CPU.Deploy.0 = Release|Any CPU
		{00169407-EBDD-480D-8EB0-4D1E20D5B28C}.Debug|Any CPU.ActiveCfg = Debug|Any CPU
		{00169407-EBDD-480D-8EB0-4D1E20D5B28C}.Debug|Any CPU.Build.0 = Debug|Any CPU
		{00169407-EBDD-480D-8EB0-4D1E20D5B28C}.Debug|Any CPU.Deploy.0 = Debug|Any CPU
		{00169407-EBDD-480D-8EB0-4D1E20D5B28C}.Master|Any CPU.ActiveCfg = Master|Any CPU
		{00169407-EBDD-480D-8EB0-4D1E20D5B28C}.Master|Any CPU.Build.0 = Master|Any CPU
		{00169407-EBDD-480D-8EB0-4D1E20D5B28C}.Release|Any CPU.ActiveCfg = Release|Any CPU
		{00169407-EBDD-480D-8EB0-4D1E20D5B28C}.Release|Any CPU.Build.0 = Release|Any CPU
		{00169407-EBDD-480D-8EB0-4D1E20D5B28C}.Release|Any CPU.Deploy.0 = Release|Any CPU
		{ABD2D76A-9851-4294-8528-4A4E6D06F403}.Debug|Any CPU.ActiveCfg = Debug|Any CPU
		{ABD2D76A-9851-4294-8528-4A4E6D06F403}.Debug|Any CPU.Build.0 = Debug|Any CPU
		{ABD2D76A-9851-4294-8528-4A4E6D06F403}.Master|Any CPU.ActiveCfg = Master|Any CPU
		{ABD2D76A-9851-4294-8528-4A4E6D06F403}.Master|Any CPU.Build.0 = Master|Any CPU
		{ABD2D76A-9851-4294-8528-4A4E6D06F403}.Release|Any CPU.ActiveCfg = Release|Any CPU
		{ABD2D76A-9851-4294-8528-4A4E6D06F403}.Release|Any CPU.Build.0 = Release|Any CPU
	EndGlobalSection
	GlobalSection(SolutionProperties) = preSolution
		HideSolutionNode = FALSE
	EndGlobalSection
	GlobalSection(ExtensibilityGlobals) = postSolution
		SolutionGuid = {FCC16654-DA34-4A09-A73E-C977880C8756}
	EndGlobalSection
EndGlobal
